<?xml version="1.0" encoding="utf-8"?>
<Project ToolsVersion="4.0" xmlns="http://schemas.microsoft.com/developer/msbuild/2003">
  <ItemGroup>
    <Filter Include="main">
      <UniqueIdentifier>{791b733d-2bfc-40e9-8a10-2c537d668509}</UniqueIdentifier>
    </Filter>
    <Filter Include="include">
      <UniqueIdentifier>{81f90adf-aa19-419e-a51b-aaa0c8b09f6e}</UniqueIdentifier>
    </Filter>
    <Filter Include="other">
      <UniqueIdentifier>{451381c9-065f-4034-9bad-16d1555ae4a7}</UniqueIdentifier>
    </Filter>
  </ItemGroup>
  <ItemGroup>
    <ClCompile Include="main.cpp">
      <Filter>main</Filter>
    </ClCompile>
  </ItemGroup>
</Project>